// !$*UTF8*$!
{
	archiveVersion = 1;
	classes = {
	};
	objectVersion = 77;
	objects = {

/* Begin PBXBuildFile section */
		E2033F4B2D4BAC6D00A32EF8 /* create_project_structure.sh in Resources */ = {isa = PBXBuildFile; fileRef = E2033F4A2D4BAC6800A32EF8 /* create_project_structure.sh */; };
		E2221E682D51DB23004D5ED3 /* FirebaseAnalytics in Frameworks */ = {isa = PBXBuildFile; productRef = E2221E672D51DB23004D5ED3 /* FirebaseAnalytics */; };
		E2221E6A2D51DB2D004D5ED3 /* FirebaseCrashlytics in Frameworks */ = {isa = PBXBuildFile; productRef = E2221E692D51DB2D004D5ED3 /* FirebaseCrashlytics */; };
		E2221E6C2D51DB5B004D5ED3 /* FirebaseFirestore in Frameworks */ = {isa = PBXBuildFile; productRef = E2221E6B2D51DB5B004D5ED3 /* FirebaseFirestore */; };
		E24C46482D530BA900291545 /* GoogleService-Info.plist in Resources */ = {isa = PBXBuildFile; fileRef = E24C46472D530BA900291545 /* GoogleService-Info.plist */; };
		E24C46492D530BA900291545 /* GoogleService-Info.plist in Resources */ = {isa = PBXBuildFile; fileRef = E24C46472D530BA900291545 /* GoogleService-Info.plist */; };
		E24C464A2D530BA900291545 /* GoogleService-Info.plist in Resources */ = {isa = PBXBuildFile; fileRef = E24C46472D530BA900291545 /* GoogleService-Info.plist */; };
		E24C466C2D53495100291545 /* organize_craftcad.sh in Resources */ = {isa = PBXBuildFile; fileRef = E24C466B2D53493F00291545 /* organize_craftcad.sh */; };
		E24C48452D62104200291545 /* FirebaseAuth in Frameworks */ = {isa = PBXBuildFile; productRef = E24C48442D62104200291545 /* FirebaseAuth */; };
		E24C48472D62104200291545 /* FirebaseCore in Frameworks */ = {isa = PBXBuildFile; productRef = E24C48462D62104200291545 /* FirebaseCore */; };
/* End PBXBuildFile section */

/* Begin PBXContainerItemProxy section */
		E2125EE42D4BA5D20012586B /* PBXContainerItemProxy */ = {
			isa = PBXContainerItemProxy;
			containerPortal = E2125ECB2D4BA5D00012586B /* Project object */;
			proxyType = 1;
			remoteGlobalIDString = E2125ED22D4BA5D00012586B;
			remoteInfo = CraftCAD;
		};
		E2125EEE2D4BA5D20012586B /* PBXContainerItemProxy */ = {
			isa = PBXContainerItemProxy;
			containerPortal = E2125ECB2D4BA5D00012586B /* Project object */;
			proxyType = 1;
			remoteGlobalIDString = E2125ED22D4BA5D00012586B;
			remoteInfo = CraftCAD;
		};
/* End PBXContainerItemProxy section */

/* Begin PBXFileReference section */
		E2033F4A2D4BAC6800A32EF8 /* create_project_structure.sh */ = {isa = PBXFileReference; lastKnownFileType = text.script.sh; path = create_project_structure.sh; sourceTree = "<group>"; };
		E2125ED32D4BA5D00012586B /* CraftCAD.app */ = {isa = PBXFileReference; explicitFileType = wrapper.application; includeInIndex = 0; path = CraftCAD.app; sourceTree = BUILT_PRODUCTS_DIR; };
		E2125EE32D4BA5D20012586B /* CraftCADTests.xctest */ = {isa = PBXFileReference; explicitFileType = wrapper.cfbundle; includeInIndex = 0; path = CraftCADTests.xctest; sourceTree = BUILT_PRODUCTS_DIR; };
		E2125EED2D4BA5D20012586B /* CraftCADUITests.xctest */ = {isa = PBXFileReference; explicitFileType = wrapper.cfbundle; includeInIndex = 0; path = CraftCADUITests.xctest; sourceTree = BUILT_PRODUCTS_DIR; };
		E24C46472D530BA900291545 /* GoogleService-Info.plist */ = {isa = PBXFileReference; lastKnownFileType = text.plist.xml; path = "GoogleService-Info.plist"; sourceTree = "<group>"; };
		E24C466B2D53493F00291545 /* organize_craftcad.sh */ = {isa = PBXFileReference; lastKnownFileType = text.script.sh; path = organize_craftcad.sh; sourceTree = "<group>"; };
/* End PBXFileReference section */

/* Begin PBXFileSystemSynchronizedRootGroup section */
		E2125ED52D4BA5D00012586B /* CraftCAD */ = {
			isa = PBXFileSystemSynchronizedRootGroup;
			path = CraftCAD;
			sourceTree = "<group>";
		};
		E2125EE62D4BA5D20012586B /* CraftCADTests */ = {
			isa = PBXFileSystemSynchronizedRootGroup;
			path = CraftCADTests;
			sourceTree = "<group>";
		};
		E2125EF02D4BA5D20012586B /* CraftCADUITests */ = {
			isa = PBXFileSystemSynchronizedRootGroup;
			path = CraftCADUITests;
			sourceTree = "<group>";
		};
/* End PBXFileSystemSynchronizedRootGroup section */

/* Begin PBXFrameworksBuildPhase section */
		E2125ED02D4BA5D00012586B /* Frameworks */ = {
			isa = PBXFrameworksBuildPhase;
			buildActionMask = 2147483647;
			files = (
				E2221E6A2D51DB2D004D5ED3 /* FirebaseCrashlytics in Frameworks */,
				E24C48472D62104200291545 /* FirebaseCore in Frameworks */,
				E2221E6C2D51DB5B004D5ED3 /* FirebaseFirestore in Frameworks */,
				E2221E682D51DB23004D5ED3 /* FirebaseAnalytics in Frameworks */,
				E24C48452D62104200291545 /* FirebaseAuth in Frameworks */,
			);
			runOnlyForDeploymentPostprocessing = 0;
		};
		E2125EE02D4BA5D20012586B /* Frameworks */ = {
			isa = PBXFrameworksBuildPhase;
			buildActionMask = 2147483647;
			files = (
			);
			runOnlyForDeploymentPostprocessing = 0;
		};
		E2125EEA2D4BA5D20012586B /* Frameworks */ = {
			isa = PBXFrameworksBuildPhase;
			buildActionMask = 2147483647;
			files = (
			);
			runOnlyForDeploymentPostprocessing = 0;
		};
/* End PBXFrameworksBuildPhase section */

/* Begin PBXGroup section */
		E2125ECA2D4BA5D00012586B = {
			isa = PBXGroup;
			children = (
				E24C46472D530BA900291545 /* GoogleService-Info.plist */,
				E2033F4A2D4BAC6800A32EF8 /* create_project_structure.sh */,
				E24C466B2D53493F00291545 /* organize_craftcad.sh */,
				E2125ED52D4BA5D00012586B /* CraftCAD */,
				E2125EE62D4BA5D20012586B /* CraftCADTests */,
				E2125EF02D4BA5D20012586B /* CraftCADUITests */,
				E2125ED42D4BA5D00012586B /* Products */,
			);
			sourceTree = "<group>";
		};
		E2125ED42D4BA5D00012586B /* Products */ = {
			isa = PBXGroup;
			children = (
				E2125ED32D4BA5D00012586B /* CraftCAD.app */,
				E2125EE32D4BA5D20012586B /* CraftCADTests.xctest */,
				E2125EED2D4BA5D20012586B /* CraftCADUITests.xctest */,
			);
			name = Products;
			sourceTree = "<group>";
		};
/* End PBXGroup section */

/* Begin PBXNativeTarget section */
		E2125ED22D4BA5D00012586B /* CraftCAD */ = {
			isa = PBXNativeTarget;
			buildConfigurationList = E2125EF72D4BA5D30012586B /* Build configuration list for PBXNativeTarget "CraftCAD" */;
			buildPhases = (
				E2125ECF2D4BA5D00012586B /* Sources */,
				E2125ED02D4BA5D00012586B /* Frameworks */,
				E2125ED12D4BA5D00012586B /* Resources */,
			);
			buildRules = (
			);
			dependencies = (
			);
			fileSystemSynchronizedGroups = (
				E2125ED52D4BA5D00012586B /* CraftCAD */,
			);
			name = CraftCAD;
			productName = CraftCAD;
			productReference = E2125ED32D4BA5D00012586B /* CraftCAD.app */;
			productType = "com.apple.product-type.application";
		};
		E2125EE22D4BA5D20012586B /* CraftCADTests */ = {
			isa = PBXNativeTarget;
			buildConfigurationList = E2125EFA2D4BA5D30012586B /* Build configuration list for PBXNativeTarget "CraftCADTests" */;
			buildPhases = (
				E2125EDF2D4BA5D20012586B /* Sources */,
				E2125EE02D4BA5D20012586B /* Frameworks */,
				E2125EE12D4BA5D20012586B /* Resources */,
			);
			buildRules = (
			);
			dependencies = (
				E2125EE52D4BA5D20012586B /* PBXTargetDependency */,
			);
			fileSystemSynchronizedGroups = (
				E2125EE62D4BA5D20012586B /* CraftCADTests */,
			);
			name = CraftCADTests;
			productName = CraftCADTests;
			productReference = E2125EE32D4BA5D20012586B /* CraftCADTests.xctest */;
			productType = "com.apple.product-type.bundle.unit-test";
		};
		E2125EEC2D4BA5D20012586B /* CraftCADUITests */ = {
			isa = PBXNativeTarget;
			buildConfigurationList = E2125EFD2D4BA5D30012586B /* Build configuration list for PBXNativeTarget "CraftCADUITests" */;
			buildPhases = (
				E2125EE92D4BA5D20012586B /* Sources */,
				E2125EEA2D4BA5D20012586B /* Frameworks */,
				E2125EEB2D4BA5D20012586B /* Resources */,
			);
			buildRules = (
			);
			dependencies = (
				E2125EEF2D4BA5D20012586B /* PBXTargetDependency */,
			);
			fileSystemSynchronizedGroups = (
				E2125EF02D4BA5D20012586B /* CraftCADUITests */,
			);
			name = CraftCADUITests;
			productName = CraftCADUITests;
			productReference = E2125EED2D4BA5D20012586B /* CraftCADUITests.xctest */;
			productType = "com.apple.product-type.bundle.ui-testing";
		};
/* End PBXNativeTarget section */

/* Begin PBXProject section */
		E2125ECB2D4BA5D00012586B /* Project object */ = {
			isa = PBXProject;
			attributes = {
				BuildIndependentTargetsInParallel = 1;
				LastSwiftUpdateCheck = 1620;
				LastUpgradeCheck = 1620;
				TargetAttributes = {
					E2125ED22D4BA5D00012586B = {
						CreatedOnToolsVersion = 16.2;
					};
					E2125EE22D4BA5D20012586B = {
						CreatedOnToolsVersion = 16.2;
						TestTargetID = E2125ED22D4BA5D00012586B;
					};
					E2125EEC2D4BA5D20012586B = {
						CreatedOnToolsVersion = 16.2;
						TestTargetID = E2125ED22D4BA5D00012586B;
					};
				};
			};
			buildConfigurationList = E2125ECE2D4BA5D00012586B /* Build configuration list for PBXProject "CraftCAD" */;
			developmentRegion = en;
			hasScannedForEncodings = 0;
			knownRegions = (
				en,
				Base,
			);
			mainGroup = E2125ECA2D4BA5D00012586B;
			minimizedProjectReferenceProxies = 1;
			packageReferences = (
				E200A02E2D51CA78008A3BDD /* XCRemoteSwiftPackageReference "firebase-ios-sdk" */,
				E2F79BF42D521C5B00093F24 /* XCRemoteSwiftPackageReference "Euclid" */,
			);
			preferredProjectObjectVersion = 77;
			productRefGroup = E2125ED42D4BA5D00012586B /* Products */;
			projectDirPath = "";
			projectRoot = "";
			targets = (
				E2125ED22D4BA5D00012586B /* CraftCAD */,
				E2125EE22D4BA5D20012586B /* CraftCADTests */,
				E2125EEC2D4BA5D20012586B /* CraftCADUITests */,
			);
		};
/* End PBXProject section */

/* Begin PBXResourcesBuildPhase section */
		E2125ED12D4BA5D00012586B /* Resources */ = {
			isa = PBXResourcesBuildPhase;
			buildActionMask = 2147483647;
			files = (
				E2033F4B2D4BAC6D00A32EF8 /* create_project_structure.sh in Resources */,
				E24C466C2D53495100291545 /* organize_craftcad.sh in Resources */,
				E24C464A2D530BA900291545 /* GoogleService-Info.plist in Resources */,
			);
			runOnlyForDeploymentPostprocessing = 0;
		};
		E2125EE12D4BA5D20012586B /* Resources */ = {
			isa = PBXResourcesBuildPhase;
			buildActionMask = 2147483647;
			files = (
				E24C46492D530BA900291545 /* GoogleService-Info.plist in Resources */,
			);
			runOnlyForDeploymentPostprocessing = 0;
		};
		E2125EEB2D4BA5D20012586B /* Resources */ = {
			isa = PBXResourcesBuildPhase;
			buildActionMask = 2147483647;
			files = (
				E24C46482D530BA900291545 /* GoogleService-Info.plist in Resources */,
			);
			runOnlyForDeploymentPostprocessing = 0;
		};
/* End PBXResourcesBuildPhase section */

/* Begin PBXSourcesBuildPhase section */
		E2125ECF2D4BA5D00012586B /* Sources */ = {
			isa = PBXSourcesBuildPhase;
			buildActionMask = 2147483647;
			files = (
			);
			runOnlyForDeploymentPostprocessing = 0;
		};
		E2125EDF2D4BA5D20012586B /* Sources */ = {
			isa = PBXSourcesBuildPhase;
			buildActionMask = 2147483647;
			files = (
			);
			runOnlyForDeploymentPostprocessing = 0;
		};
		E2125EE92D4BA5D20012586B /* Sources */ = {
			isa = PBXSourcesBuildPhase;
			buildActionMask = 2147483647;
			files = (
			);
			runOnlyForDeploymentPostprocessing = 0;
		};
/* End PBXSourcesBuildPhase section */

/* Begin PBXTargetDependency section */
		E2125EE52D4BA5D20012586B /* PBXTargetDependency */ = {
			isa = PBXTargetDependency;
			target = E2125ED22D4BA5D00012586B /* CraftCAD */;
			targetProxy = E2125EE42D4BA5D20012586B /* PBXContainerItemProxy */;
		};
		E2125EEF2D4BA5D20012586B /* PBXTargetDependency */ = {
			isa = PBXTargetDependency;
			target = E2125ED22D4BA5D00012586B /* CraftCAD */;
			targetProxy = E2125EEE2D4BA5D20012586B /* PBXContainerItemProxy */;
		};
/* End PBXTargetDependency section */

/* Begin XCBuildConfiguration section */
		E2125EF52D4BA5D30012586B /* Debug */ = {
			isa = XCBuildConfiguration;
			buildSettings = {
				ALWAYS_SEARCH_USER_PATHS = NO;
				ASSETCATALOG_COMPILER_GENERATE_SWIFT_ASSET_SYMBOL_EXTENSIONS = YES;
				CLANG_ANALYZER_NONNULL = YES;
				CLANG_ANALYZER_NUMBER_OBJECT_CONVERSION = YES_AGGRESSIVE;
				CLANG_CXX_LANGUAGE_STANDARD = "gnu++20";
				CLANG_ENABLE_MODULES = YES;
				CLANG_ENABLE_OBJC_ARC = YES;
				CLANG_ENABLE_OBJC_WEAK = YES;
				CLANG_WARN_BLOCK_CAPTURE_AUTORELEASING = YES;
				CLANG_WARN_BOOL_CONVERSION = YES;
				CLANG_WARN_COMMA = YES;
				CLANG_WARN_CONSTANT_CONVERSION = YES;
				CLANG_WARN_DEPRECATED_OBJC_IMPLEMENTATIONS = YES;
				CLANG_WARN_DIRECT_OBJC_ISA_USAGE = YES_ERROR;
				CLANG_WARN_DOCUMENTATION_COMMENTS = YES;
				CLANG_WARN_EMPTY_BODY = YES;
				CLANG_WARN_ENUM_CONVERSION = YES;
				CLANG_WARN_INFINITE_RECURSION = YES;
				CLANG_WARN_INT_CONVERSION = YES;
				CLANG_WARN_NON_LITERAL_NULL_CONVERSION = YES;
				CLANG_WARN_OBJC_IMPLICIT_RETAIN_SELF = YES;
				CLANG_WARN_OBJC_LITERAL_CONVERSION = YES;
				CLANG_WARN_OBJC_ROOT_CLASS = YES_ERROR;
				CLANG_WARN_QUOTED_INCLUDE_IN_FRAMEWORK_HEADER = YES;
				CLANG_WARN_RANGE_LOOP_ANALYSIS = YES;
				CLANG_WARN_STRICT_PROTOTYPES = YES;
				CLANG_WARN_SUSPICIOUS_MOVE = YES;
				CLANG_WARN_UNGUARDED_AVAILABILITY = YES_AGGRESSIVE;
				CLANG_WARN_UNREACHABLE_CODE = YES;
				CLANG_WARN__DUPLICATE_METHOD_MATCH = YES;
				COPY_PHASE_STRIP = NO;
				DEBUG_INFORMATION_FORMAT = dwarf;
				ENABLE_STRICT_OBJC_MSGSEND = YES;
				ENABLE_TESTABILITY = YES;
				ENABLE_USER_SCRIPT_SANDBOXING = YES;
				GCC_C_LANGUAGE_STANDARD = gnu17;
				GCC_DYNAMIC_NO_PIC = NO;
				GCC_NO_COMMON_BLOCKS = YES;
				GCC_OPTIMIZATION_LEVEL = 0;
				GCC_PREPROCESSOR_DEFINITIONS = (
					"DEBUG=1",
					"$(inherited)",
				);
				GCC_WARN_64_TO_32_BIT_CONVERSION = YES;
				GCC_WARN_ABOUT_RETURN_TYPE = YES_ERROR;
				GCC_WARN_UNDECLARED_SELECTOR = YES;
				GCC_WARN_UNINITIALIZED_AUTOS = YES_AGGRESSIVE;
				GCC_WARN_UNUSED_FUNCTION = YES;
				GCC_WARN_UNUSED_VARIABLE = YES;
				IPHONEOS_DEPLOYMENT_TARGET = 18.2;
				LOCALIZATION_PREFERS_STRING_CATALOGS = YES;
				MTL_ENABLE_DEBUG_INFO = INCLUDE_SOURCE;
				MTL_FAST_MATH = YES;
				ONLY_ACTIVE_ARCH = YES;
				SDKROOT = iphoneos;
				SWIFT_ACTIVE_COMPILATION_CONDITIONS = "DEBUG $(inherited)";
				SWIFT_OPTIMIZATION_LEVEL = "-Onone";
			};
			name = Debug;
		};
		E2125EF62D4BA5D30012586B /* Release */ = {
			isa = XCBuildConfiguration;
			buildSettings = {
				ALWAYS_SEARCH_USER_PATHS = NO;
				ASSETCATALOG_COMPILER_GENERATE_SWIFT_ASSET_SYMBOL_EXTENSIONS = YES;
				CLANG_ANALYZER_NONNULL = YES;
				CLANG_ANALYZER_NUMBER_OBJECT_CONVERSION = YES_AGGRESSIVE;
				CLANG_CXX_LANGUAGE_STANDARD = "gnu++20";
				CLANG_ENABLE_MODULES = YES;
				CLANG_ENABLE_OBJC_ARC = YES;
				CLANG_ENABLE_OBJC_WEAK = YES;
				CLANG_WARN_BLOCK_CAPTURE_AUTORELEASING = YES;
				CLANG_WARN_BOOL_CONVERSION = YES;
				CLANG_WARN_COMMA = YES;
				CLANG_WARN_CONSTANT_CONVERSION = YES;
				CLANG_WARN_DEPRECATED_OBJC_IMPLEMENTATIONS = YES;
				CLANG_WARN_DIRECT_OBJC_ISA_USAGE = YES_ERROR;
				CLANG_WARN_DOCUMENTATION_COMMENTS = YES;
				CLANG_WARN_EMPTY_BODY = YES;
				CLANG_WARN_ENUM_CONVERSION = YES;
				CLANG_WARN_INFINITE_RECURSION = YES;
				CLANG_WARN_INT_CONVERSION = YES;
				CLANG_WARN_NON_LITERAL_NULL_CONVERSION = YES;
				CLANG_WARN_OBJC_IMPLICIT_RETAIN_SELF = YES;
				CLANG_WARN_OBJC_LITERAL_CONVERSION = YES;
				CLANG_WARN_OBJC_ROOT_CLASS = YES_ERROR;
				CLANG_WARN_QUOTED_INCLUDE_IN_FRAMEWORK_HEADER = YES;
				CLANG_WARN_RANGE_LOOP_ANALYSIS = YES;
				CLANG_WARN_STRICT_PROTOTYPES = YES;
				CLANG_WARN_SUSPICIOUS_MOVE = YES;
				CLANG_WARN_UNGUARDED_AVAILABILITY = YES_AGGRESSIVE;
				CLANG_WARN_UNREACHABLE_CODE = YES;
				CLANG_WARN__DUPLICATE_METHOD_MATCH = YES;
				COPY_PHASE_STRIP = NO;
				DEBUG_INFORMATION_FORMAT = "dwarf-with-dsym";
				ENABLE_NS_ASSERTIONS = NO;
				ENABLE_STRICT_OBJC_MSGSEND = YES;
				ENABLE_USER_SCRIPT_SANDBOXING = YES;
				GCC_C_LANGUAGE_STANDARD = gnu17;
				GCC_NO_COMMON_BLOCKS = YES;
				GCC_WARN_64_TO_32_BIT_CONVERSION = YES;
				GCC_WARN_ABOUT_RETURN_TYPE = YES_ERROR;
				GCC_WARN_UNDECLARED_SELECTOR = YES;
				GCC_WARN_UNINITIALIZED_AUTOS = YES_AGGRESSIVE;
				GCC_WARN_UNUSED_FUNCTION = YES;
				GCC_WARN_UNUSED_VARIABLE = YES;
				IPHONEOS_DEPLOYMENT_TARGET = 18.2;
				LOCALIZATION_PREFERS_STRING_CATALOGS = YES;
				MTL_ENABLE_DEBUG_INFO = NO;
				MTL_FAST_MATH = YES;
				SDKROOT = iphoneos;
				SWIFT_COMPILATION_MODE = wholemodule;
				VALIDATE_PRODUCT = YES;
			};
			name = Release;
		};
		E2125EF82D4BA5D30012586B /* Debug */ = {
			isa = XCBuildConfiguration;
			buildSettings = {
				ASSETCATALOG_COMPILER_APPICON_NAME = AppIcon;
				ASSETCATALOG_COMPILER_GLOBAL_ACCENT_COLOR_NAME = AccentColor;
				CODE_SIGN_STYLE = Automatic;
				CURRENT_PROJECT_VERSION = 1;
				DEVELOPMENT_ASSET_PATHS = "";
				ENABLE_PREVIEWS = YES;
				GENERATE_INFOPLIST_FILE = YES;
				INFOPLIST_KEY_UIApplicationSceneManifest_Generation = YES;
				INFOPLIST_KEY_UIApplicationSupportsIndirectInputEvents = YES;
				INFOPLIST_KEY_UILaunchScreen_Generation = YES;
				INFOPLIST_KEY_UISupportedInterfaceOrientations_iPad = "UIInterfaceOrientationPortrait UIInterfaceOrientationPortraitUpsideDown UIInterfaceOrientationLandscapeLeft UIInterfaceOrientationLandscapeRight";
				INFOPLIST_KEY_UISupportedInterfaceOrientations_iPhone = "UIInterfaceOrientationPortrait UIInterfaceOrientationLandscapeLeft UIInterfaceOrientationLandscapeRight";
				LD_RUNPATH_SEARCH_PATHS = (
					"$(inherited)",
					"@executable_path/Frameworks",
				);
				MARKETING_VERSION = 1.0;
				PRODUCT_BUNDLE_IDENTIFIER = com.teru1991.CraftCAD;
				PRODUCT_NAME = "$(TARGET_NAME)";
				SWIFT_EMIT_LOC_STRINGS = YES;
				SWIFT_VERSION = 5.0;
				TARGETED_DEVICE_FAMILY = "1,2";
			};
			name = Debug;
		};
		E2125EF92D4BA5D30012586B /* Release */ = {
			isa = XCBuildConfiguration;
			buildSettings = {
				ASSETCATALOG_COMPILER_APPICON_NAME = AppIcon;
				ASSETCATALOG_COMPILER_GLOBAL_ACCENT_COLOR_NAME = AccentColor;
				CODE_SIGN_STYLE = Automatic;
				CURRENT_PROJECT_VERSION = 1;
				DEVELOPMENT_ASSET_PATHS = "";
				ENABLE_PREVIEWS = YES;
				GENERATE_INFOPLIST_FILE = YES;
				INFOPLIST_KEY_UIApplicationSceneManifest_Generation = YES;
				INFOPLIST_KEY_UIApplicationSupportsIndirectInputEvents = YES;
				INFOPLIST_KEY_UILaunchScreen_Generation = YES;
				INFOPLIST_KEY_UISupportedInterfaceOrientations_iPad = "UIInterfaceOrientationPortrait UIInterfaceOrientationPortraitUpsideDown UIInterfaceOrientationLandscapeLeft UIInterfaceOrientationLandscapeRight";
				INFOPLIST_KEY_UISupportedInterfaceOrientations_iPhone = "UIInterfaceOrientationPortrait UIInterfaceOrientationLandscapeLeft UIInterfaceOrientationLandscapeRight";
				LD_RUNPATH_SEARCH_PATHS = (
					"$(inherited)",
					"@executable_path/Frameworks",
				);
				MARKETING_VERSION = 1.0;
				PRODUCT_BUNDLE_IDENTIFIER = com.teru1991.CraftCAD;
				PRODUCT_NAME = "$(TARGET_NAME)";
				SWIFT_EMIT_LOC_STRINGS = YES;
				SWIFT_VERSION = 5.0;
				TARGETED_DEVICE_FAMILY = "1,2";
			};
			name = Release;
		};
		E2125EFB2D4BA5D30012586B /* Debug */ = {
			isa = XCBuildConfiguration;
			buildSettings = {
				BUNDLE_LOADER = "$(TEST_HOST)";
				CODE_SIGN_STYLE = Automatic;
				CURRENT_PROJECT_VERSION = 1;
				GENERATE_INFOPLIST_FILE = YES;
				IPHONEOS_DEPLOYMENT_TARGET = 18.2;
				MARKETING_VERSION = 1.0;
				PRODUCT_BUNDLE_IDENTIFIER = com.teru1991.CraftCADTests;
				PRODUCT_NAME = "$(TARGET_NAME)";
				SWIFT_EMIT_LOC_STRINGS = NO;
				SWIFT_VERSION = 5.0;
				TARGETED_DEVICE_FAMILY = "1,2";
				TEST_HOST = "$(BUILT_PRODUCTS_DIR)/CraftCAD.app/$(BUNDLE_EXECUTABLE_FOLDER_PATH)/CraftCAD";
			};
			name = Debug;
		};
		E2125EFC2D4BA5D30012586B /* Release */ = {
			isa = XCBuildConfiguration;
			buildSettings = {
				BUNDLE_LOADER = "$(TEST_HOST)";
				CODE_SIGN_STYLE = Automatic;
				CURRENT_PROJECT_VERSION = 1;
				GENERATE_INFOPLIST_FILE = YES;
				IPHONEOS_DEPLOYMENT_TARGET = 18.2;
				MARKETING_VERSION = 1.0;
				PRODUCT_BUNDLE_IDENTIFIER = com.teru1991.CraftCADTests;
				PRODUCT_NAME = "$(TARGET_NAME)";
				SWIFT_EMIT_LOC_STRINGS = NO;
				SWIFT_VERSION = 5.0;
				TARGETED_DEVICE_FAMILY = "1,2";
				TEST_HOST = "$(BUILT_PRODUCTS_DIR)/CraftCAD.app/$(BUNDLE_EXECUTABLE_FOLDER_PATH)/CraftCAD";
			};
			name = Release;
		};
		E2125EFE2D4BA5D30012586B /* Debug */ = {
			isa = XCBuildConfiguration;
			buildSettings = {
				CODE_SIGN_STYLE = Automatic;
				CURRENT_PROJECT_VERSION = 1;
				GENERATE_INFOPLIST_FILE = YES;
				MARKETING_VERSION = 1.0;
				PRODUCT_BUNDLE_IDENTIFIER = com.teru1991.CraftCADUITests;
				PRODUCT_NAME = "$(TARGET_NAME)";
				SWIFT_EMIT_LOC_STRINGS = NO;
				SWIFT_VERSION = 5.0;
				TARGETED_DEVICE_FAMILY = "1,2";
				TEST_TARGET_NAME = CraftCAD;
			};
			name = Debug;
		};
		E2125EFF2D4BA5D30012586B /* Release */ = {
			isa = XCBuildConfiguration;
			buildSettings = {
				CODE_SIGN_STYLE = Automatic;
				CURRENT_PROJECT_VERSION = 1;
				GENERATE_INFOPLIST_FILE = YES;
				MARKETING_VERSION = 1.0;
				PRODUCT_BUNDLE_IDENTIFIER = com.teru1991.CraftCADUITests;
				PRODUCT_NAME = "$(TARGET_NAME)";
				SWIFT_EMIT_LOC_STRINGS = NO;
				SWIFT_VERSION = 5.0;
				TARGETED_DEVICE_FAMILY = "1,2";
				TEST_TARGET_NAME = CraftCAD;
			};
			name = Release;
		};
/* End XCBuildConfiguration section */

/* Begin XCConfigurationList section */
		E2125ECE2D4BA5D00012586B /* Build configuration list for PBXProject "CraftCAD" */ = {
			isa = XCConfigurationList;
			buildConfigurations = (
				E2125EF52D4BA5D30012586B /* Debug */,
				E2125EF62D4BA5D30012586B /* Release */,
			);
			defaultConfigurationIsVisible = 0;
			defaultConfigurationName = Release;
		};
		E2125EF72D4BA5D30012586B /* Build configuration list for PBXNativeTarget "CraftCAD" */ = {
			isa = XCConfigurationList;
			buildConfigurations = (
				E2125EF82D4BA5D30012586B /* Debug */,
				E2125EF92D4BA5D30012586B /* Release */,
			);
			defaultConfigurationIsVisible = 0;
			defaultConfigurationName = Release;
		};
		E2125EFA2D4BA5D30012586B /* Build configuration list for PBXNativeTarget "CraftCADTests" */ = {
			isa = XCConfigurationList;
			buildConfigurations = (
				E2125EFB2D4BA5D30012586B /* Debug */,
				E2125EFC2D4BA5D30012586B /* Release */,
			);
			defaultConfigurationIsVisible = 0;
			defaultConfigurationName = Release;
		};
		E2125EFD2D4BA5D30012586B /* Build configuration list for PBXNativeTarget "CraftCADUITests" */ = {
			isa = XCConfigurationList;
			buildConfigurations = (
				E2125EFE2D4BA5D30012586B /* Debug */,
				E2125EFF2D4BA5D30012586B /* Release */,
			);
			defaultConfigurationIsVisible = 0;
			defaultConfigurationName = Release;
		};
/* End XCConfigurationList section */

/* Begin XCRemoteSwiftPackageReference section */
		E200A02E2D51CA78008A3BDD /* XCRemoteSwiftPackageReference "firebase-ios-sdk" */ = {
			isa = XCRemoteSwiftPackageReference;
			repositoryURL = "https://github.com/firebase/firebase-ios-sdk";
			requirement = {
				kind = upToNextMajorVersion;
				minimumVersion = 11.8.0;
			};
		};
		E2F79BF42D521C5B00093F24 /* XCRemoteSwiftPackageReference "Euclid" */ = {
			isa = XCRemoteSwiftPackageReference;
			repositoryURL = "https://github.com/nicklockwood/Euclid";
			requirement = {
				kind = upToNextMajorVersion;
				minimumVersion = 0.7.9;
			};
		};
/* End XCRemoteSwiftPackageReference section */

/* Begin XCSwiftPackageProductDependency section */
		E2221E672D51DB23004D5ED3 /* FirebaseAnalytics */ = {
			isa = XCSwiftPackageProductDependency;
			package = E200A02E2D51CA78008A3BDD /* XCRemoteSwiftPackageReference "firebase-ios-sdk" */;
			productName = FirebaseAnalytics;
		};
		E2221E692D51DB2D004D5ED3 /* FirebaseCrashlytics */ = {
			isa = XCSwiftPackageProductDependency;
			package = E200A02E2D51CA78008A3BDD /* XCRemoteSwiftPackageReference "firebase-ios-sdk" */;
			productName = FirebaseCrashlytics;
		};
		E2221E6B2D51DB5B004D5ED3 /* FirebaseFirestore */ = {
			isa = XCSwiftPackageProductDependency;
			package = E200A02E2D51CA78008A3BDD /* XCRemoteSwiftPackageReference "firebase-ios-sdk" */;
			productName = FirebaseFirestore;
		};
		E24C48442D62104200291545 /* FirebaseAuth */ = {
			isa = XCSwiftPackageProductDependency;
			package = E200A02E2D51CA78008A3BDD /* XCRemoteSwiftPackageReference "firebase-ios-sdk" */;
			productName = FirebaseAuth;
		};
		E24C48462D62104200291545 /* FirebaseCore */ = {
			isa = XCSwiftPackageProductDependency;
			package = E200A02E2D51CA78008A3BDD /* XCRemoteSwiftPackageReference "firebase-ios-sdk" */;
			productName = FirebaseCore;
		};
/* End XCSwiftPackageProductDependency section */
	};
	rootObject = E2125ECB2D4BA5D00012586B /* Project object */;
}
